
Microsoft Visual Studio Solution File, Format Version 12.00
# Visual Studio Version 16
VisualStudioVersion = 16.0.29025.244
MinimumVisualStudioVersion = 10.0.40219.1
Project("{FAE04EC0-301F-11D3-BF4B-00C04F79EFBC}") = "PeriodicTableControl.WPF", "PeriodicTableControl.WPF\PeriodicTableControl.WPF.csproj", "{A7A7C55E-BF87-4D55-82C7-957D53B972AB}"
EndProject
Project("{FAE04EC0-301F-11D3-BF4B-00C04F79EFBC}") = "PeriodicTable.TestApp.Wpf", "PeriodicTable.TestApp.Wpf\PeriodicTable.TestApp.Wpf.csproj", "{A4A3D7BE-6CE2-4EC0-B814-16445BF9A6A8}"
EndProject
Global
	GlobalSection(SolutionConfigurationPlatforms) = preSolution
		Debug|Any CPU = Debug|Any CPU
		Release|Any CPU = Release|Any CPU
	EndGlobalSection
	GlobalSection(ProjectConfigurationPlatforms) = postSolution
		{A7A7C55E-BF87-4D55-82C7-957D53B972AB}.Debug|Any CPU.ActiveCfg = Debug|Any CPU
		{A7A7C55E-BF87-4D55-82C7-957D53B972AB}.Debug|Any CPU.Build.0 = Debug|Any CPU
		{A7A7C55E-BF87-4D55-82C7-957D53B972AB}.Release|Any CPU.ActiveCfg = Release|Any CPU
		{A7A7C55E-BF87-4D55-82C7-957D53B972AB}.Release|Any CPU.Build.0 = Release|Any CPU
		{A4A3D7BE-6CE2-4EC0-B814-16445BF9A6A8}.Debug|Any CPU.ActiveCfg = Debug|Any CPU
		{A4A3D7BE-6CE2-4EC0-B814-16445BF9A6A8}.Debug|Any CPU.Build.0 = Debug|Any CPU
		{A4A3D7BE-6CE2-4EC0-B814-16445BF9A6A8}.Release|Any CPU.ActiveCfg = Release|Any CPU
		{A4A3D7BE-6CE2-4EC0-B814-16445BF9A6A8}.Release|Any CPU.Build.0 = Release|Any CPU
	EndGlobalSection
	GlobalSection(SolutionProperties) = preSolution
		HideSolutionNode = FALSE
	EndGlobalSection
	GlobalSection(ExtensibilityGlobals) = postSolution
		SolutionGuid = {27D02118-0517-4C56-97DD-4A8938CC019D}
	EndGlobalSection
EndGlobal
